
Microsoft Visual Studio Solution File, Format Version 12.00
# Visual Studio 15
VisualStudioVersion = 15.0.27703.1
MinimumVisualStudioVersion = 10.0.40219.1
Project("{E24C65DC-7377-472B-9ABA-BC803B73C61A}") = "clientsiswebprod", ".", "{17D0D2D6-CDCB-4DEA-B403-48396D378DE1}"
	ProjectSection(WebsiteProperties) = preProject
		TargetFrameworkMoniker = ".NETFramework,Version%3Dv4.5"
		Debug.AspNetCompiler.VirtualPath = "/localhost_56982"
		Debug.AspNetCompiler.PhysicalPath = "..\clientsiswebprod\"
		Debug.AspNetCompiler.TargetPath = "PrecompiledWeb\localhost_56982\"
		Debug.AspNetCompiler.Updateable = "true"
		Debug.AspNetCompiler.ForceOverwrite = "true"
		Debug.AspNetCompiler.FixedNames = "false"
		Debug.AspNetCompiler.Debug = "True"
		Release.AspNetCompiler.VirtualPath = "/localhost_56982"
		Release.AspNetCompiler.PhysicalPath = "..\clientsiswebprod\"
		Release.AspNetCompiler.TargetPath = "PrecompiledWeb\localhost_56982\"
		Release.AspNetCompiler.Updateable = "true"
		Release.AspNetCompiler.ForceOverwrite = "true"
		Release.AspNetCompiler.FixedNames = "false"
		Release.AspNetCompiler.Debug = "False"
		VWDPort = "56982"
		SlnRelativePath = "..\clientsiswebprod\"
	EndProjectSection
EndProject
Global
	GlobalSection(SolutionConfigurationPlatforms) = preSolution
		Debug|Any CPU = Debug|Any CPU
	EndGlobalSection
	GlobalSection(ProjectConfigurationPlatforms) = postSolution
		{17D0D2D6-CDCB-4DEA-B403-48396D378DE1}.Debug|Any CPU.ActiveCfg = Debug|Any CPU
		{17D0D2D6-CDCB-4DEA-B403-48396D378DE1}.Debug|Any CPU.Build.0 = Debug|Any CPU
	EndGlobalSection
	GlobalSection(SolutionProperties) = preSolution
		HideSolutionNode = FALSE
	EndGlobalSection
	GlobalSection(ExtensibilityGlobals) = postSolution
		SolutionGuid = {72300B3C-AAFE-49B6-A965-7E3688448891}
	EndGlobalSection
EndGlobal
